
Microsoft Visual Studio Solution File, Format Version 12.00
# Visual Studio Version 16
VisualStudioVersion = 16.0.30413.136
MinimumVisualStudioVersion = 10.0.40219.1
Project("{9A19103F-16F7-4668-BE54-9A1E7A4F7556}") = "PapagoSimulatorLibrary", "PapagoSimulatorLibrary\PapagoSimulatorLibrary.csproj", "{DF7B4FCA-708E-428D-BFBE-3FB48BEDE8AA}"
EndProject
Project("{9A19103F-16F7-4668-BE54-9A1E7A4F7556}") = "Translator", "Translator\Translator.csproj", "{CBDBEC04-3033-4C5E-8F3F-6EEE843C88D8}"
EndProject
Project("{FAE04EC0-301F-11D3-BF4B-00C04F79EFBC}") = "LibTest", "LibTest\LibTest.csproj", "{388A0B20-5BD6-4960-931C-ADEAE492750F}"
EndProject
Global
	GlobalSection(SolutionConfigurationPlatforms) = preSolution
		Debug|Any CPU = Debug|Any CPU
		Debug|x64 = Debug|x64
		Release|Any CPU = Release|Any CPU
		Release|x64 = Release|x64
	EndGlobalSection
	GlobalSection(ProjectConfigurationPlatforms) = postSolution
		{DF7B4FCA-708E-428D-BFBE-3FB48BEDE8AA}.Debug|Any CPU.ActiveCfg = Debug|x64
		{DF7B4FCA-708E-428D-BFBE-3FB48BEDE8AA}.Debug|x64.ActiveCfg = Debug|x64
		{DF7B4FCA-708E-428D-BFBE-3FB48BEDE8AA}.Debug|x64.Build.0 = Debug|x64
		{DF7B4FCA-708E-428D-BFBE-3FB48BEDE8AA}.Release|Any CPU.ActiveCfg = Release|x64
		{DF7B4FCA-708E-428D-BFBE-3FB48BEDE8AA}.Release|x64.ActiveCfg = Release|x64
		{DF7B4FCA-708E-428D-BFBE-3FB48BEDE8AA}.Release|x64.Build.0 = Release|x64
		{CBDBEC04-3033-4C5E-8F3F-6EEE843C88D8}.Debug|Any CPU.ActiveCfg = Debug|Any CPU
		{CBDBEC04-3033-4C5E-8F3F-6EEE843C88D8}.Debug|Any CPU.Build.0 = Debug|Any CPU
		{CBDBEC04-3033-4C5E-8F3F-6EEE843C88D8}.Debug|x64.ActiveCfg = Debug|x64
		{CBDBEC04-3033-4C5E-8F3F-6EEE843C88D8}.Debug|x64.Build.0 = Debug|x64
		{CBDBEC04-3033-4C5E-8F3F-6EEE843C88D8}.Release|Any CPU.ActiveCfg = Release|Any CPU
		{CBDBEC04-3033-4C5E-8F3F-6EEE843C88D8}.Release|Any CPU.Build.0 = Release|Any CPU
		{CBDBEC04-3033-4C5E-8F3F-6EEE843C88D8}.Release|x64.ActiveCfg = Release|x64
		{CBDBEC04-3033-4C5E-8F3F-6EEE843C88D8}.Release|x64.Build.0 = Release|x64
		{388A0B20-5BD6-4960-931C-ADEAE492750F}.Debug|Any CPU.ActiveCfg = Debug|Any CPU
		{388A0B20-5BD6-4960-931C-ADEAE492750F}.Debug|Any CPU.Build.0 = Debug|Any CPU
		{388A0B20-5BD6-4960-931C-ADEAE492750F}.Debug|x64.ActiveCfg = Debug|Any CPU
		{388A0B20-5BD6-4960-931C-ADEAE492750F}.Debug|x64.Build.0 = Debug|Any CPU
		{388A0B20-5BD6-4960-931C-ADEAE492750F}.Release|Any CPU.ActiveCfg = Release|Any CPU
		{388A0B20-5BD6-4960-931C-ADEAE492750F}.Release|Any CPU.Build.0 = Release|Any CPU
		{388A0B20-5BD6-4960-931C-ADEAE492750F}.Release|x64.ActiveCfg = Release|Any CPU
		{388A0B20-5BD6-4960-931C-ADEAE492750F}.Release|x64.Build.0 = Release|Any CPU
	EndGlobalSection
	GlobalSection(SolutionProperties) = preSolution
		HideSolutionNode = FALSE
	EndGlobalSection
	GlobalSection(ExtensibilityGlobals) = postSolution
		SolutionGuid = {E30B7F13-346A-415C-B487-233049644753}
	EndGlobalSection
EndGlobal
